// !$*UTF8*$!
{
	archiveVersion = 1;
	classes = {
	};
	objectVersion = 46;
	objects = {

/* Begin PBXBuildFile section */
		34F509385C4AA8813443A9C8 /* Pods_real_quick.framework in Frameworks */ = {isa = PBXBuildFile; fileRef = 624B490355E5C39E99D76B5E /* Pods_real_quick.framework */; };
		DD17950C1E8F73830028EFE4 /* GoogleService-Info.plist in Resources */ = {isa = PBXBuildFile; fileRef = DD17950B1E8F73830028EFE4 /* GoogleService-Info.plist */; };
		DD17950E1E8F738C0028EFE4 /* Podfile in Resources */ = {isa = PBXBuildFile; fileRef = DD17950D1E8F738C0028EFE4 /* Podfile */; };
		DD5CD4CF1E8F8A7C002833A3 /* SignUpViewController.swift in Sources */ = {isa = PBXBuildFile; fileRef = DD5CD4CE1E8F8A7C002833A3 /* SignUpViewController.swift */; };
		DDFFC4031E8F5CB3003AFCA5 /* AppDelegate.swift in Sources */ = {isa = PBXBuildFile; fileRef = DDFFC4021E8F5CB3003AFCA5 /* AppDelegate.swift */; };
		DDFFC4051E8F5CB3003AFCA5 /* ViewController.swift in Sources */ = {isa = PBXBuildFile; fileRef = DDFFC4041E8F5CB3003AFCA5 /* ViewController.swift */; };
		DDFFC4081E8F5CB3003AFCA5 /* Main.storyboard in Resources */ = {isa = PBXBuildFile; fileRef = DDFFC4061E8F5CB3003AFCA5 /* Main.storyboard */; };
		DDFFC40A1E8F5CB3003AFCA5 /* Assets.xcassets in Resources */ = {isa = PBXBuildFile; fileRef = DDFFC4091E8F5CB3003AFCA5 /* Assets.xcassets */; };
		DDFFC40D1E8F5CB3003AFCA5 /* LaunchScreen.storyboard in Resources */ = {isa = PBXBuildFile; fileRef = DDFFC40B1E8F5CB3003AFCA5 /* LaunchScreen.storyboard */; };
		DDFFC4181E8F5CB3003AFCA5 /* real_quickTests.swift in Sources */ = {isa = PBXBuildFile; fileRef = DDFFC4171E8F5CB3003AFCA5 /* real_quickTests.swift */; };
/* End PBXBuildFile section */

/* Begin PBXContainerItemProxy section */
		DDFFC4141E8F5CB3003AFCA5 /* PBXContainerItemProxy */ = {
			isa = PBXContainerItemProxy;
			containerPortal = DDFFC3F71E8F5CB3003AFCA5 /* Project object */;
			proxyType = 1;
			remoteGlobalIDString = DDFFC3FE1E8F5CB3003AFCA5;
			remoteInfo = real_quick;
		};
/* End PBXContainerItemProxy section */

/* Begin PBXFileReference section */
		4FE9E9BD097224CD839265F2 /* Pods-real_quick.debug.xcconfig */ = {isa = PBXFileReference; includeInIndex = 1; lastKnownFileType = text.xcconfig; name = "Pods-real_quick.debug.xcconfig"; path = "Pods/Target Support Files/Pods-real_quick/Pods-real_quick.debug.xcconfig"; sourceTree = "<group>"; };
		624B490355E5C39E99D76B5E /* Pods_real_quick.framework */ = {isa = PBXFileReference; explicitFileType = wrapper.framework; includeInIndex = 0; path = Pods_real_quick.framework; sourceTree = BUILT_PRODUCTS_DIR; };
		B2D33D28F1F0EBC099A9F9AA /* Pods-real_quick.release.xcconfig */ = {isa = PBXFileReference; includeInIndex = 1; lastKnownFileType = text.xcconfig; name = "Pods-real_quick.release.xcconfig"; path = "Pods/Target Support Files/Pods-real_quick/Pods-real_quick.release.xcconfig"; sourceTree = "<group>"; };
		DD17950B1E8F73830028EFE4 /* GoogleService-Info.plist */ = {isa = PBXFileReference; fileEncoding = 4; lastKnownFileType = text.plist.xml; path = "GoogleService-Info.plist"; sourceTree = "<group>"; };
		DD17950D1E8F738C0028EFE4 /* Podfile */ = {isa = PBXFileReference; fileEncoding = 4; lastKnownFileType = text; path = Podfile; sourceTree = "<group>"; xcLanguageSpecificationIdentifier = xcode.lang.ruby; };
		DD5CD4CE1E8F8A7C002833A3 /* SignUpViewController.swift */ = {isa = PBXFileReference; fileEncoding = 4; lastKnownFileType = sourcecode.swift; path = SignUpViewController.swift; sourceTree = "<group>"; };
		DDFFC3FF1E8F5CB3003AFCA5 /* real_quick.app */ = {isa = PBXFileReference; explicitFileType = wrapper.application; includeInIndex = 0; path = real_quick.app; sourceTree = BUILT_PRODUCTS_DIR; };
		DDFFC4021E8F5CB3003AFCA5 /* AppDelegate.swift */ = {isa = PBXFileReference; lastKnownFileType = sourcecode.swift; path = AppDelegate.swift; sourceTree = "<group>"; };
		DDFFC4041E8F5CB3003AFCA5 /* ViewController.swift */ = {isa = PBXFileReference; lastKnownFileType = sourcecode.swift; path = ViewController.swift; sourceTree = "<group>"; };
		DDFFC4071E8F5CB3003AFCA5 /* Base */ = {isa = PBXFileReference; lastKnownFileType = file.storyboard; name = Base; path = Base.lproj/Main.storyboard; sourceTree = "<group>"; };
		DDFFC4091E8F5CB3003AFCA5 /* Assets.xcassets */ = {isa = PBXFileReference; lastKnownFileType = folder.assetcatalog; path = Assets.xcassets; sourceTree = "<group>"; };
		DDFFC40C1E8F5CB3003AFCA5 /* Base */ = {isa = PBXFileReference; lastKnownFileType = file.storyboard; name = Base; path = Base.lproj/LaunchScreen.storyboard; sourceTree = "<group>"; };
		DDFFC40E1E8F5CB3003AFCA5 /* Info.plist */ = {isa = PBXFileReference; lastKnownFileType = text.plist.xml; path = Info.plist; sourceTree = "<group>"; };
		DDFFC4131E8F5CB3003AFCA5 /* real_quickTests.xctest */ = {isa = PBXFileReference; explicitFileType = wrapper.cfbundle; includeInIndex = 0; path = real_quickTests.xctest; sourceTree = BUILT_PRODUCTS_DIR; };
		DDFFC4171E8F5CB3003AFCA5 /* real_quickTests.swift */ = {isa = PBXFileReference; lastKnownFileType = sourcecode.swift; path = real_quickTests.swift; sourceTree = "<group>"; };
		DDFFC4191E8F5CB3003AFCA5 /* Info.plist */ = {isa = PBXFileReference; lastKnownFileType = text.plist.xml; path = Info.plist; sourceTree = "<group>"; };
/* End PBXFileReference section */

/* Begin PBXFrameworksBuildPhase section */
		DDFFC3FC1E8F5CB3003AFCA5 /* Frameworks */ = {
			isa = PBXFrameworksBuildPhase;
			buildActionMask = 2147483647;
			files = (
				34F509385C4AA8813443A9C8 /* Pods_real_quick.framework in Frameworks */,
			);
			runOnlyForDeploymentPostprocessing = 0;
		};
		DDFFC4101E8F5CB3003AFCA5 /* Frameworks */ = {
			isa = PBXFrameworksBuildPhase;
			buildActionMask = 2147483647;
			files = (
			);
			runOnlyForDeploymentPostprocessing = 0;
		};
/* End PBXFrameworksBuildPhase section */

/* Begin PBXGroup section */
		48E93FD2E718218CD505A88B /* Frameworks */ = {
			isa = PBXGroup;
			children = (
				624B490355E5C39E99D76B5E /* Pods_real_quick.framework */,
			);
			name = Frameworks;
			sourceTree = "<group>";
		};
		804E17F44E999E9CD76D7FB3 /* Pods */ = {
			isa = PBXGroup;
			children = (
				4FE9E9BD097224CD839265F2 /* Pods-real_quick.debug.xcconfig */,
				B2D33D28F1F0EBC099A9F9AA /* Pods-real_quick.release.xcconfig */,
			);
			name = Pods;
			sourceTree = "<group>";
		};
		DDFFC3F61E8F5CB3003AFCA5 = {
			isa = PBXGroup;
			children = (
				DD17950D1E8F738C0028EFE4 /* Podfile */,
				DDFFC4011E8F5CB3003AFCA5 /* real_quick */,
				DDFFC4161E8F5CB3003AFCA5 /* real_quickTests */,
				DDFFC4001E8F5CB3003AFCA5 /* Products */,
				804E17F44E999E9CD76D7FB3 /* Pods */,
				48E93FD2E718218CD505A88B /* Frameworks */,
			);
			sourceTree = "<group>";
		};
		DDFFC4001E8F5CB3003AFCA5 /* Products */ = {
			isa = PBXGroup;
			children = (
				DDFFC3FF1E8F5CB3003AFCA5 /* real_quick.app */,
				DDFFC4131E8F5CB3003AFCA5 /* real_quickTests.xctest */,
			);
			name = Products;
			sourceTree = "<group>";
		};
		DDFFC4011E8F5CB3003AFCA5 /* real_quick */ = {
			isa = PBXGroup;
			children = (
				DD17950B1E8F73830028EFE4 /* GoogleService-Info.plist */,
				DDFFC4021E8F5CB3003AFCA5 /* AppDelegate.swift */,
				DDFFC4041E8F5CB3003AFCA5 /* ViewController.swift */,
				DDFFC4061E8F5CB3003AFCA5 /* Main.storyboard */,
				DDFFC4091E8F5CB3003AFCA5 /* Assets.xcassets */,
				DDFFC40B1E8F5CB3003AFCA5 /* LaunchScreen.storyboard */,
				DDFFC40E1E8F5CB3003AFCA5 /* Info.plist */,
				DD5CD4CE1E8F8A7C002833A3 /* SignUpViewController.swift */,
			);
			path = real_quick;
			sourceTree = "<group>";
		};
		DDFFC4161E8F5CB3003AFCA5 /* real_quickTests */ = {
			isa = PBXGroup;
			children = (
				DDFFC4171E8F5CB3003AFCA5 /* real_quickTests.swift */,
				DDFFC4191E8F5CB3003AFCA5 /* Info.plist */,
			);
			path = real_quickTests;
			sourceTree = "<group>";
		};
/* End PBXGroup section */

/* Begin PBXNativeTarget section */
		DDFFC3FE1E8F5CB3003AFCA5 /* real_quick */ = {
			isa = PBXNativeTarget;
			buildConfigurationList = DDFFC41C1E8F5CB3003AFCA5 /* Build configuration list for PBXNativeTarget "real_quick" */;
			buildPhases = (
				25C7FD7093EE0B2EBB8E13C3 /* [CP] Check Pods Manifest.lock */,
				DDFFC3FB1E8F5CB3003AFCA5 /* Sources */,
				DDFFC3FC1E8F5CB3003AFCA5 /* Frameworks */,
				DDFFC3FD1E8F5CB3003AFCA5 /* Resources */,
				E386462E06C0205C6EBCDC85 /* [CP] Embed Pods Frameworks */,
				F7057FE12AF3390E39C4920E /* [CP] Copy Pods Resources */,
			);
			buildRules = (
			);
			dependencies = (
			);
			name = real_quick;
			productName = real_quick;
			productReference = DDFFC3FF1E8F5CB3003AFCA5 /* real_quick.app */;
			productType = "com.apple.product-type.application";
		};
		DDFFC4121E8F5CB3003AFCA5 /* real_quickTests */ = {
			isa = PBXNativeTarget;
			buildConfigurationList = DDFFC41F1E8F5CB3003AFCA5 /* Build configuration list for PBXNativeTarget "real_quickTests" */;
			buildPhases = (
				DDFFC40F1E8F5CB3003AFCA5 /* Sources */,
				DDFFC4101E8F5CB3003AFCA5 /* Frameworks */,
				DDFFC4111E8F5CB3003AFCA5 /* Resources */,
			);
			buildRules = (
			);
			dependencies = (
				DDFFC4151E8F5CB3003AFCA5 /* PBXTargetDependency */,
			);
			name = real_quickTests;
			productName = real_quickTests;
			productReference = DDFFC4131E8F5CB3003AFCA5 /* real_quickTests.xctest */;
			productType = "com.apple.product-type.bundle.unit-test";
		};
/* End PBXNativeTarget section */

/* Begin PBXProject section */
		DDFFC3F71E8F5CB3003AFCA5 /* Project object */ = {
			isa = PBXProject;
			attributes = {
				LastSwiftUpdateCheck = 0800;
				LastUpgradeCheck = 0800;
				ORGANIZATIONNAME = "Michael Umenta";
				TargetAttributes = {
					DDFFC3FE1E8F5CB3003AFCA5 = {
						CreatedOnToolsVersion = 8.0;
						DevelopmentTeam = 4JA36LAH35;
						ProvisioningStyle = Automatic;
					};
					DDFFC4121E8F5CB3003AFCA5 = {
						CreatedOnToolsVersion = 8.0;
						ProvisioningStyle = Automatic;
						TestTargetID = DDFFC3FE1E8F5CB3003AFCA5;
					};
				};
			};
			buildConfigurationList = DDFFC3FA1E8F5CB3003AFCA5 /* Build configuration list for PBXProject "real_quick" */;
			compatibilityVersion = "Xcode 3.2";
			developmentRegion = English;
			hasScannedForEncodings = 0;
			knownRegions = (
				en,
				Base,
			);
			mainGroup = DDFFC3F61E8F5CB3003AFCA5;
			productRefGroup = DDFFC4001E8F5CB3003AFCA5 /* Products */;
			projectDirPath = "";
			projectRoot = "";
			targets = (
				DDFFC3FE1E8F5CB3003AFCA5 /* real_quick */,
				DDFFC4121E8F5CB3003AFCA5 /* real_quickTests */,
			);
		};
/* End PBXProject section */

/* Begin PBXResourcesBuildPhase section */
		DDFFC3FD1E8F5CB3003AFCA5 /* Resources */ = {
			isa = PBXResourcesBuildPhase;
			buildActionMask = 2147483647;
			files = (
				DD17950E1E8F738C0028EFE4 /* Podfile in Resources */,
				DDFFC40D1E8F5CB3003AFCA5 /* LaunchScreen.storyboard in Resources */,
				DD17950C1E8F73830028EFE4 /* GoogleService-Info.plist in Resources */,
				DDFFC40A1E8F5CB3003AFCA5 /* Assets.xcassets in Resources */,
				DDFFC4081E8F5CB3003AFCA5 /* Main.storyboard in Resources */,
			);
			runOnlyForDeploymentPostprocessing = 0;
		};
		DDFFC4111E8F5CB3003AFCA5 /* Resources */ = {
			isa = PBXResourcesBuildPhase;
			buildActionMask = 2147483647;
			files = (
			);
			runOnlyForDeploymentPostprocessing = 0;
		};
/* End PBXResourcesBuildPhase section */

/* Begin PBXShellScriptBuildPhase section */
		25C7FD7093EE0B2EBB8E13C3 /* [CP] Check Pods Manifest.lock */ = {
			isa = PBXShellScriptBuildPhase;
			buildActionMask = 2147483647;
			files = (
			);
			inputPaths = (
			);
			name = "[CP] Check Pods Manifest.lock";
			outputPaths = (
			);
			runOnlyForDeploymentPostprocessing = 0;
			shellPath = /bin/sh;
			shellScript = "diff \"${PODS_ROOT}/../Podfile.lock\" \"${PODS_ROOT}/Manifest.lock\" > /dev/null\nif [ $? != 0 ] ; then\n    # print error to STDERR\n    echo \"error: The sandbox is not in sync with the Podfile.lock. Run 'pod install' or update your CocoaPods installation.\" >&2\n    exit 1\nfi\n";
			showEnvVarsInLog = 0;
		};
		E386462E06C0205C6EBCDC85 /* [CP] Embed Pods Frameworks */ = {
			isa = PBXShellScriptBuildPhase;
			buildActionMask = 2147483647;
			files = (
			);
			inputPaths = (
			);
			name = "[CP] Embed Pods Frameworks";
			outputPaths = (
			);
			runOnlyForDeploymentPostprocessing = 0;
			shellPath = /bin/sh;
			shellScript = "\"${SRCROOT}/Pods/Target Support Files/Pods-real_quick/Pods-real_quick-frameworks.sh\"\n";
			showEnvVarsInLog = 0;
		};
		F7057FE12AF3390E39C4920E /* [CP] Copy Pods Resources */ = {
			isa = PBXShellScriptBuildPhase;
			buildActionMask = 2147483647;
			files = (
			);
			inputPaths = (
			);
			name = "[CP] Copy Pods Resources";
			outputPaths = (
			);
			runOnlyForDeploymentPostprocessing = 0;
			shellPath = /bin/sh;
			shellScript = "\"${SRCROOT}/Pods/Target Support Files/Pods-real_quick/Pods-real_quick-resources.sh\"\n";
			showEnvVarsInLog = 0;
		};
/* End PBXShellScriptBuildPhase section */

/* Begin PBXSourcesBuildPhase section */
		DDFFC3FB1E8F5CB3003AFCA5 /* Sources */ = {
			isa = PBXSourcesBuildPhase;
			buildActionMask = 2147483647;
			files = (
				DD5CD4CF1E8F8A7C002833A3 /* SignUpViewController.swift in Sources */,
				DDFFC4051E8F5CB3003AFCA5 /* ViewController.swift in Sources */,
				DDFFC4031E8F5CB3003AFCA5 /* AppDelegate.swift in Sources */,
			);
			runOnlyForDeploymentPostprocessing = 0;
		};
		DDFFC40F1E8F5CB3003AFCA5 /* Sources */ = {
			isa = PBXSourcesBuildPhase;
			buildActionMask = 2147483647;
			files = (
				DDFFC4181E8F5CB3003AFCA5 /* real_quickTests.swift in Sources */,
			);
			runOnlyForDeploymentPostprocessing = 0;
		};
/* End PBXSourcesBuildPhase section */

/* Begin PBXTargetDependency section */
		DDFFC4151E8F5CB3003AFCA5 /* PBXTargetDependency */ = {
			isa = PBXTargetDependency;
			target = DDFFC3FE1E8F5CB3003AFCA5 /* real_quick */;
			targetProxy = DDFFC4141E8F5CB3003AFCA5 /* PBXContainerItemProxy */;
		};
/* End PBXTargetDependency section */

/* Begin PBXVariantGroup section */
		DDFFC4061E8F5CB3003AFCA5 /* Main.storyboard */ = {
			isa = PBXVariantGroup;
			children = (
				DDFFC4071E8F5CB3003AFCA5 /* Base */,
			);
			name = Main.storyboard;
			sourceTree = "<group>";
		};
		DDFFC40B1E8F5CB3003AFCA5 /* LaunchScreen.storyboard */ = {
			isa = PBXVariantGroup;
			children = (
				DDFFC40C1E8F5CB3003AFCA5 /* Base */,
			);
			name = LaunchScreen.storyboard;
			sourceTree = "<group>";
		};
/* End PBXVariantGroup section */

/* Begin XCBuildConfiguration section */
		DDFFC41A1E8F5CB3003AFCA5 /* Debug */ = {
			isa = XCBuildConfiguration;
			buildSettings = {
				ALWAYS_SEARCH_USER_PATHS = NO;
				CLANG_ANALYZER_NONNULL = YES;
				CLANG_CXX_LANGUAGE_STANDARD = "gnu++0x";
				CLANG_CXX_LIBRARY = "libc++";
				CLANG_ENABLE_MODULES = YES;
				CLANG_ENABLE_OBJC_ARC = YES;
				CLANG_WARN_BOOL_CONVERSION = YES;
				CLANG_WARN_CONSTANT_CONVERSION = YES;
				CLANG_WARN_DIRECT_OBJC_ISA_USAGE = YES_ERROR;
				CLANG_WARN_DOCUMENTATION_COMMENTS = YES;
				CLANG_WARN_EMPTY_BODY = YES;
				CLANG_WARN_ENUM_CONVERSION = YES;
				CLANG_WARN_INFINITE_RECURSION = YES;
				CLANG_WARN_INT_CONVERSION = YES;
				CLANG_WARN_OBJC_ROOT_CLASS = YES_ERROR;
				CLANG_WARN_SUSPICIOUS_MOVES = YES;
				CLANG_WARN_UNREACHABLE_CODE = YES;
				CLANG_WARN__DUPLICATE_METHOD_MATCH = YES;
				"CODE_SIGN_IDENTITY[sdk=iphoneos*]" = "iPhone Developer";
				COPY_PHASE_STRIP = NO;
				DEBUG_INFORMATION_FORMAT = dwarf;
				ENABLE_STRICT_OBJC_MSGSEND = YES;
				ENABLE_TESTABILITY = YES;
				GCC_C_LANGUAGE_STANDARD = gnu99;
				GCC_DYNAMIC_NO_PIC = NO;
				GCC_NO_COMMON_BLOCKS = YES;
				GCC_OPTIMIZATION_LEVEL = 0;
				GCC_PREPROCESSOR_DEFINITIONS = (
					"DEBUG=1",
					"$(inherited)",
				);
				GCC_WARN_64_TO_32_BIT_CONVERSION = YES;
				GCC_WARN_ABOUT_RETURN_TYPE = YES_ERROR;
				GCC_WARN_UNDECLARED_SELECTOR = YES;
				GCC_WARN_UNINITIALIZED_AUTOS = YES_AGGRESSIVE;
				GCC_WARN_UNUSED_FUNCTION = YES;
				GCC_WARN_UNUSED_VARIABLE = YES;
				IPHONEOS_DEPLOYMENT_TARGET = 10.0;
				MTL_ENABLE_DEBUG_INFO = YES;
				ONLY_ACTIVE_ARCH = YES;
				SDKROOT = iphoneos;
				SWIFT_ACTIVE_COMPILATION_CONDITIONS = DEBUG;
				SWIFT_OPTIMIZATION_LEVEL = "-Onone";
			};
			name = Debug;
		};
		DDFFC41B1E8F5CB3003AFCA5 /* Release */ = {
			isa = XCBuildConfiguration;
			buildSettings = {
				ALWAYS_SEARCH_USER_PATHS = NO;
				CLANG_ANALYZER_NONNULL = YES;
				CLANG_CXX_LANGUAGE_STANDARD = "gnu++0x";
				CLANG_CXX_LIBRARY = "libc++";
				CLANG_ENABLE_MODULES = YES;
				CLANG_ENABLE_OBJC_ARC = YES;
				CLANG_WARN_BOOL_CONVERSION = YES;
				CLANG_WARN_CONSTANT_CONVERSION = YES;
				CLANG_WARN_DIRECT_OBJC_ISA_USAGE = YES_ERROR;
				CLANG_WARN_DOCUMENTATION_COMMENTS = YES;
				CLANG_WARN_EMPTY_BODY = YES;
				CLANG_WARN_ENUM_CONVERSION = YES;
				CLANG_WARN_INFINITE_RECURSION = YES;
				CLANG_WARN_INT_CONVERSION = YES;
				CLANG_WARN_OBJC_ROOT_CLASS = YES_ERROR;
				CLANG_WARN_SUSPICIOUS_MOVES = YES;
				CLANG_WARN_UNREACHABLE_CODE = YES;
				CLANG_WARN__DUPLICATE_METHOD_MATCH = YES;
				"CODE_SIGN_IDENTITY[sdk=iphoneos*]" = "iPhone Developer";
				COPY_PHASE_STRIP = NO;
				DEBUG_INFORMATION_FORMAT = "dwarf-with-dsym";
				ENABLE_NS_ASSERTIONS = NO;
				ENABLE_STRICT_OBJC_MSGSEND = YES;
				GCC_C_LANGUAGE_STANDARD = gnu99;
				GCC_NO_COMMON_BLOCKS = YES;
				GCC_WARN_64_TO_32_BIT_CONVERSION = YES;
				GCC_WARN_ABOUT_RETURN_TYPE = YES_ERROR;
				GCC_WARN_UNDECLARED_SELECTOR = YES;
				GCC_WARN_UNINITIALIZED_AUTOS = YES_AGGRESSIVE;
				GCC_WARN_UNUSED_FUNCTION = YES;
				GCC_WARN_UNUSED_VARIABLE = YES;
				IPHONEOS_DEPLOYMENT_TARGET = 10.0;
				MTL_ENABLE_DEBUG_INFO = NO;
				SDKROOT = iphoneos;
				SWIFT_OPTIMIZATION_LEVEL = "-Owholemodule";
				VALIDATE_PRODUCT = YES;
			};
			name = Release;
		};
		DDFFC41D1E8F5CB3003AFCA5 /* Debug */ = {
			isa = XCBuildConfiguration;
			baseConfigurationReference = 4FE9E9BD097224CD839265F2 /* Pods-real_quick.debug.xcconfig */;
			buildSettings = {
				ASSETCATALOG_COMPILER_APPICON_NAME = AppIcon;
				ENABLE_BITCODE = YES;
				FRAMEWORK_SEARCH_PATHS = (
					"$(inherited)",
					"$(PROJECT_DIR)/real_quick",
				);
				INFOPLIST_FILE = real_quick/Info.plist;
				LD_RUNPATH_SEARCH_PATHS = "$(inherited) @executable_path/Frameworks";
				PRODUCT_BUNDLE_IDENTIFIER = "languages.real-quick";
				PRODUCT_NAME = "$(TARGET_NAME)";
				SWIFT_VERSION = 3.0;
			};
			name = Debug;
		};
		DDFFC41E1E8F5CB3003AFCA5 /* Release */ = {
			isa = XCBuildConfiguration;
			baseConfigurationReference = B2D33D28F1F0EBC099A9F9AA /* Pods-real_quick.release.xcconfig */;
			buildSettings = {
				ASSETCATALOG_COMPILER_APPICON_NAME = AppIcon;
				ENABLE_BITCODE = YES;
				FRAMEWORK_SEARCH_PATHS = (
					"$(inherited)",
					"$(PROJECT_DIR)/real_quick",
				);
				INFOPLIST_FILE = real_quick/Info.plist;
				LD_RUNPATH_SEARCH_PATHS = "$(inherited) @executable_path/Frameworks";
				PRODUCT_BUNDLE_IDENTIFIER = "languages.real-quick";
				PRODUCT_NAME = "$(TARGET_NAME)";
				SWIFT_VERSION = 3.0;
			};
			name = Release;
		};
		DDFFC4201E8F5CB3003AFCA5 /* Debug */ = {
			isa = XCBuildConfiguration;
			buildSettings = {
				ALWAYS_EMBED_SWIFT_STANDARD_LIBRARIES = YES;
				BUNDLE_LOADER = "$(TEST_HOST)";
				INFOPLIST_FILE = real_quickTests/Info.plist;
				LD_RUNPATH_SEARCH_PATHS = "$(inherited) @executable_path/Frameworks @loader_path/Frameworks";
				PRODUCT_BUNDLE_IDENTIFIER = "languages.real-quickTests";
				PRODUCT_NAME = "$(TARGET_NAME)";
				SWIFT_VERSION = 3.0;
				TEST_HOST = "$(BUILT_PRODUCTS_DIR)/real_quick.app/real_quick";
			};
			name = Debug;
		};
		DDFFC4211E8F5CB3003AFCA5 /* Release */ = {
			isa = XCBuildConfiguration;
			buildSettings = {
				ALWAYS_EMBED_SWIFT_STANDARD_LIBRARIES = YES;
				BUNDLE_LOADER = "$(TEST_HOST)";
				INFOPLIST_FILE = real_quickTests/Info.plist;
				LD_RUNPATH_SEARCH_PATHS = "$(inherited) @executable_path/Frameworks @loader_path/Frameworks";
				PRODUCT_BUNDLE_IDENTIFIER = "languages.real-quickTests";
				PRODUCT_NAME = "$(TARGET_NAME)";
				SWIFT_VERSION = 3.0;
				TEST_HOST = "$(BUILT_PRODUCTS_DIR)/real_quick.app/real_quick";
			};
			name = Release;
		};
/* End XCBuildConfiguration section */

/* Begin XCConfigurationList section */
		DDFFC3FA1E8F5CB3003AFCA5 /* Build configuration list for PBXProject "real_quick" */ = {
			isa = XCConfigurationList;
			buildConfigurations = (
				DDFFC41A1E8F5CB3003AFCA5 /* Debug */,
				DDFFC41B1E8F5CB3003AFCA5 /* Release */,
			);
			defaultConfigurationIsVisible = 0;
			defaultConfigurationName = Release;
		};
		DDFFC41C1E8F5CB3003AFCA5 /* Build configuration list for PBXNativeTarget "real_quick" */ = {
			isa = XCConfigurationList;
			buildConfigurations = (
				DDFFC41D1E8F5CB3003AFCA5 /* Debug */,
				DDFFC41E1E8F5CB3003AFCA5 /* Release */,
			);
			defaultConfigurationIsVisible = 0;
			defaultConfigurationName = Release;
		};
		DDFFC41F1E8F5CB3003AFCA5 /* Build configuration list for PBXNativeTarget "real_quickTests" */ = {
			isa = XCConfigurationList;
			buildConfigurations = (
				DDFFC4201E8F5CB3003AFCA5 /* Debug */,
				DDFFC4211E8F5CB3003AFCA5 /* Release */,
			);
			defaultConfigurationIsVisible = 0;
			defaultConfigurationName = Release;
		};
/* End XCConfigurationList section */
	};
	rootObject = DDFFC3F71E8F5CB3003AFCA5 /* Project object */;
}
